
Microsoft Visual Studio Solution File, Format Version 12.00
# Visual Studio Version 16
VisualStudioVersion = 16.0.30503.244
MinimumVisualStudioVersion = 10.0.40219.1
Project("{9A19103F-16F7-4668-BE54-9A1E7A4F7556}") = "Lxk.Core.Application", "Lxk.Core.Application\Lxk.Core.Application.csproj", "{43FBF5A6-AB24-4D73-97A4-1570C4FF1744}"
EndProject
Project("{9A19103F-16F7-4668-BE54-9A1E7A4F7556}") = "Lxk.Core.Contract", "Lxk.Core.Contract\Lxk.Core.Contract.csproj", "{AAA7458A-536D-4F2C-A4F7-7C0554BC4C60}"
EndProject
Project("{9A19103F-16F7-4668-BE54-9A1E7A4F7556}") = "Lxk.Core", "Lxk.Core\Lxk.Core.csproj", "{B9F92AFA-BEA4-4E54-BD20-C30A9145BC24}"
EndProject
Global
	GlobalSection(SolutionConfigurationPlatforms) = preSolution
		Debug|Any CPU = Debug|Any CPU
		Release|Any CPU = Release|Any CPU
	EndGlobalSection
	GlobalSection(ProjectConfigurationPlatforms) = postSolution
		{43FBF5A6-AB24-4D73-97A4-1570C4FF1744}.Debug|Any CPU.ActiveCfg = Debug|Any CPU
		{43FBF5A6-AB24-4D73-97A4-1570C4FF1744}.Debug|Any CPU.Build.0 = Debug|Any CPU
		{43FBF5A6-AB24-4D73-97A4-1570C4FF1744}.Release|Any CPU.ActiveCfg = Release|Any CPU
		{43FBF5A6-AB24-4D73-97A4-1570C4FF1744}.Release|Any CPU.Build.0 = Release|Any CPU
		{AAA7458A-536D-4F2C-A4F7-7C0554BC4C60}.Debug|Any CPU.ActiveCfg = Debug|Any CPU
		{AAA7458A-536D-4F2C-A4F7-7C0554BC4C60}.Debug|Any CPU.Build.0 = Debug|Any CPU
		{AAA7458A-536D-4F2C-A4F7-7C0554BC4C60}.Release|Any CPU.ActiveCfg = Release|Any CPU
		{AAA7458A-536D-4F2C-A4F7-7C0554BC4C60}.Release|Any CPU.Build.0 = Release|Any CPU
		{B9F92AFA-BEA4-4E54-BD20-C30A9145BC24}.Debug|Any CPU.ActiveCfg = Debug|Any CPU
		{B9F92AFA-BEA4-4E54-BD20-C30A9145BC24}.Debug|Any CPU.Build.0 = Debug|Any CPU
		{B9F92AFA-BEA4-4E54-BD20-C30A9145BC24}.Release|Any CPU.ActiveCfg = Release|Any CPU
		{B9F92AFA-BEA4-4E54-BD20-C30A9145BC24}.Release|Any CPU.Build.0 = Release|Any CPU
	EndGlobalSection
	GlobalSection(SolutionProperties) = preSolution
		HideSolutionNode = FALSE
	EndGlobalSection
	GlobalSection(ExtensibilityGlobals) = postSolution
		SolutionGuid = {5DA3BB1F-37C6-433F-A608-4C16DC4120B7}
	EndGlobalSection
EndGlobal
